// !$*UTF8*$!
{
	archiveVersion = 1;
	classes = {
	};
	objectVersion = 55;
	objects = {

/* Begin PBXBuildFile section */
		581483A028FEDE070023E2EC /* AppDelegate.swift in Sources */ = {isa = PBXBuildFile; fileRef = 5814839F28FEDE070023E2EC /* AppDelegate.swift */; };
		581483A228FEDE070023E2EC /* SceneDelegate.swift in Sources */ = {isa = PBXBuildFile; fileRef = 581483A128FEDE070023E2EC /* SceneDelegate.swift */; };
		581483A428FEDE070023E2EC /* ViewController.swift in Sources */ = {isa = PBXBuildFile; fileRef = 581483A328FEDE070023E2EC /* ViewController.swift */; };
		581483A728FEDE070023E2EC /* Main.storyboard in Resources */ = {isa = PBXBuildFile; fileRef = 581483A528FEDE070023E2EC /* Main.storyboard */; };
		581483AA28FEDE070023E2EC /* Show_Segue_App.xcdatamodeld in Sources */ = {isa = PBXBuildFile; fileRef = 581483A828FEDE070023E2EC /* Show_Segue_App.xcdatamodeld */; };
		581483AC28FEDE0F0023E2EC /* Assets.xcassets in Resources */ = {isa = PBXBuildFile; fileRef = 581483AB28FEDE0F0023E2EC /* Assets.xcassets */; };
		581483AF28FEDE0F0023E2EC /* LaunchScreen.storyboard in Resources */ = {isa = PBXBuildFile; fileRef = 581483AD28FEDE0F0023E2EC /* LaunchScreen.storyboard */; };
		581483B728FEDE630023E2EC /* ViewController2.swift in Sources */ = {isa = PBXBuildFile; fileRef = 581483B628FEDE630023E2EC /* ViewController2.swift */; };
		581483B928FEDE730023E2EC /* ViewController3.swift in Sources */ = {isa = PBXBuildFile; fileRef = 581483B828FEDE730023E2EC /* ViewController3.swift */; };
/* End PBXBuildFile section */

/* Begin PBXFileReference section */
		5814839C28FEDE070023E2EC /* Show Segue App.app */ = {isa = PBXFileReference; explicitFileType = wrapper.application; includeInIndex = 0; path = "Show Segue App.app"; sourceTree = BUILT_PRODUCTS_DIR; };
		5814839F28FEDE070023E2EC /* AppDelegate.swift */ = {isa = PBXFileReference; lastKnownFileType = sourcecode.swift; path = AppDelegate.swift; sourceTree = "<group>"; };
		581483A128FEDE070023E2EC /* SceneDelegate.swift */ = {isa = PBXFileReference; lastKnownFileType = sourcecode.swift; path = SceneDelegate.swift; sourceTree = "<group>"; };
		581483A328FEDE070023E2EC /* ViewController.swift */ = {isa = PBXFileReference; lastKnownFileType = sourcecode.swift; path = ViewController.swift; sourceTree = "<group>"; };
		581483A628FEDE070023E2EC /* Base */ = {isa = PBXFileReference; lastKnownFileType = file.storyboard; name = Base; path = Base.lproj/Main.storyboard; sourceTree = "<group>"; };
		581483A928FEDE070023E2EC /* Show_Segue_App.xcdatamodel */ = {isa = PBXFileReference; lastKnownFileType = wrapper.xcdatamodel; path = Show_Segue_App.xcdatamodel; sourceTree = "<group>"; };
		581483AB28FEDE0F0023E2EC /* Assets.xcassets */ = {isa = PBXFileReference; lastKnownFileType = folder.assetcatalog; path = Assets.xcassets; sourceTree = "<group>"; };
		581483AE28FEDE0F0023E2EC /* Base */ = {isa = PBXFileReference; lastKnownFileType = file.storyboard; name = Base; path = Base.lproj/LaunchScreen.storyboard; sourceTree = "<group>"; };
		581483B028FEDE0F0023E2EC /* Info.plist */ = {isa = PBXFileReference; lastKnownFileType = text.plist.xml; path = Info.plist; sourceTree = "<group>"; };
		581483B628FEDE630023E2EC /* ViewController2.swift */ = {isa = PBXFileReference; lastKnownFileType = sourcecode.swift; path = ViewController2.swift; sourceTree = "<group>"; };
		581483B828FEDE730023E2EC /* ViewController3.swift */ = {isa = PBXFileReference; lastKnownFileType = sourcecode.swift; path = ViewController3.swift; sourceTree = "<group>"; };
/* End PBXFileReference section */

/* Begin PBXFrameworksBuildPhase section */
		5814839928FEDE070023E2EC /* Frameworks */ = {
			isa = PBXFrameworksBuildPhase;
			buildActionMask = 2147483647;
			files = (
			);
			runOnlyForDeploymentPostprocessing = 0;
		};
/* End PBXFrameworksBuildPhase section */

/* Begin PBXGroup section */
		5814839328FEDE060023E2EC = {
			isa = PBXGroup;
			children = (
				5814839E28FEDE070023E2EC /* Show Segue App */,
				5814839D28FEDE070023E2EC /* Products */,
			);
			sourceTree = "<group>";
		};
		5814839D28FEDE070023E2EC /* Products */ = {
			isa = PBXGroup;
			children = (
				5814839C28FEDE070023E2EC /* Show Segue App.app */,
			);
			name = Products;
			sourceTree = "<group>";
		};
		5814839E28FEDE070023E2EC /* Show Segue App */ = {
			isa = PBXGroup;
			children = (
				5814839F28FEDE070023E2EC /* AppDelegate.swift */,
				581483A128FEDE070023E2EC /* SceneDelegate.swift */,
				581483A328FEDE070023E2EC /* ViewController.swift */,
				581483A528FEDE070023E2EC /* Main.storyboard */,
				581483B628FEDE630023E2EC /* ViewController2.swift */,
				581483B828FEDE730023E2EC /* ViewController3.swift */,
				581483AB28FEDE0F0023E2EC /* Assets.xcassets */,
				581483AD28FEDE0F0023E2EC /* LaunchScreen.storyboard */,
				581483B028FEDE0F0023E2EC /* Info.plist */,
				581483A828FEDE070023E2EC /* Show_Segue_App.xcdatamodeld */,
			);
			path = "Show Segue App";
			sourceTree = "<group>";
		};
/* End PBXGroup section */

/* Begin PBXNativeTarget section */
		5814839B28FEDE070023E2EC /* Show Segue App */ = {
			isa = PBXNativeTarget;
			buildConfigurationList = 581483B328FEDE0F0023E2EC /* Build configuration list for PBXNativeTarget "Show Segue App" */;
			buildPhases = (
				5814839828FEDE070023E2EC /* Sources */,
				5814839928FEDE070023E2EC /* Frameworks */,
				5814839A28FEDE070023E2EC /* Resources */,
			);
			buildRules = (
			);
			dependencies = (
			);
			name = "Show Segue App";
			productName = "Show Segue App";
			productReference = 5814839C28FEDE070023E2EC /* Show Segue App.app */;
			productType = "com.apple.product-type.application";
		};
/* End PBXNativeTarget section */

/* Begin PBXProject section */
		5814839428FEDE060023E2EC /* Project object */ = {
			isa = PBXProject;
			attributes = {
				BuildIndependentTargetsInParallel = 1;
				LastSwiftUpdateCheck = 1340;
				LastUpgradeCheck = 1340;
				TargetAttributes = {
					5814839B28FEDE070023E2EC = {
						CreatedOnToolsVersion = 13.4.1;
					};
				};
			};
			buildConfigurationList = 5814839728FEDE070023E2EC /* Build configuration list for PBXProject "Show Segue App" */;
			compatibilityVersion = "Xcode 13.0";
			developmentRegion = en;
			hasScannedForEncodings = 0;
			knownRegions = (
				en,
				Base,
			);
			mainGroup = 5814839328FEDE060023E2EC;
			productRefGroup = 5814839D28FEDE070023E2EC /* Products */;
			projectDirPath = "";
			projectRoot = "";
			targets = (
				5814839B28FEDE070023E2EC /* Show Segue App */,
			);
		};
/* End PBXProject section */

/* Begin PBXResourcesBuildPhase section */
		5814839A28FEDE070023E2EC /* Resources */ = {
			isa = PBXResourcesBuildPhase;
			buildActionMask = 2147483647;
			files = (
				581483AF28FEDE0F0023E2EC /* LaunchScreen.storyboard in Resources */,
				581483AC28FEDE0F0023E2EC /* Assets.xcassets in Resources */,
				581483A728FEDE070023E2EC /* Main.storyboard in Resources */,
			);
			runOnlyForDeploymentPostprocessing = 0;
		};
/* End PBXResourcesBuildPhase section */

/* Begin PBXSourcesBuildPhase section */
		5814839828FEDE070023E2EC /* Sources */ = {
			isa = PBXSourcesBuildPhase;
			buildActionMask = 2147483647;
			files = (
				581483B728FEDE630023E2EC /* ViewController2.swift in Sources */,
				581483AA28FEDE070023E2EC /* Show_Segue_App.xcdatamodeld in Sources */,
				581483B928FEDE730023E2EC /* ViewController3.swift in Sources */,
				581483A428FEDE070023E2EC /* ViewController.swift in Sources */,
				581483A028FEDE070023E2EC /* AppDelegate.swift in Sources */,
				581483A228FEDE070023E2EC /* SceneDelegate.swift in Sources */,
			);
			runOnlyForDeploymentPostprocessing = 0;
		};
/* End PBXSourcesBuildPhase section */

/* Begin PBXVariantGroup section */
		581483A528FEDE070023E2EC /* Main.storyboard */ = {
			isa = PBXVariantGroup;
			children = (
				581483A628FEDE070023E2EC /* Base */,
			);
			name = Main.storyboard;
			sourceTree = "<group>";
		};
		581483AD28FEDE0F0023E2EC /* LaunchScreen.storyboard */ = {
			isa = PBXVariantGroup;
			children = (
				581483AE28FEDE0F0023E2EC /* Base */,
			);
			name = LaunchScreen.storyboard;
			sourceTree = "<group>";
		};
/* End PBXVariantGroup section */

/* Begin XCBuildConfiguration section */
		581483B128FEDE0F0023E2EC /* Debug */ = {
			isa = XCBuildConfiguration;
			buildSettings = {
				ALWAYS_SEARCH_USER_PATHS = NO;
				CLANG_ANALYZER_NONNULL = YES;
				CLANG_ANALYZER_NUMBER_OBJECT_CONVERSION = YES_AGGRESSIVE;
				CLANG_CXX_LANGUAGE_STANDARD = "gnu++17";
				CLANG_ENABLE_MODULES = YES;
				CLANG_ENABLE_OBJC_ARC = YES;
				CLANG_ENABLE_OBJC_WEAK = YES;
				CLANG_WARN_BLOCK_CAPTURE_AUTORELEASING = YES;
				CLANG_WARN_BOOL_CONVERSION = YES;
				CLANG_WARN_COMMA = YES;
				CLANG_WARN_CONSTANT_CONVERSION = YES;
				CLANG_WARN_DEPRECATED_OBJC_IMPLEMENTATIONS = YES;
				CLANG_WARN_DIRECT_OBJC_ISA_USAGE = YES_ERROR;
				CLANG_WARN_DOCUMENTATION_COMMENTS = YES;
				CLANG_WARN_EMPTY_BODY = YES;
				CLANG_WARN_ENUM_CONVERSION = YES;
				CLANG_WARN_INFINITE_RECURSION = YES;
				CLANG_WARN_INT_CONVERSION = YES;
				CLANG_WARN_NON_LITERAL_NULL_CONVERSION = YES;
				CLANG_WARN_OBJC_IMPLICIT_RETAIN_SELF = YES;
				CLANG_WARN_OBJC_LITERAL_CONVERSION = YES;
				CLANG_WARN_OBJC_ROOT_CLASS = YES_ERROR;
				CLANG_WARN_QUOTED_INCLUDE_IN_FRAMEWORK_HEADER = YES;
				CLANG_WARN_RANGE_LOOP_ANALYSIS = YES;
				CLANG_WARN_STRICT_PROTOTYPES = YES;
				CLANG_WARN_SUSPICIOUS_MOVE = YES;
				CLANG_WARN_UNGUARDED_AVAILABILITY = YES_AGGRESSIVE;
				CLANG_WARN_UNREACHABLE_CODE = YES;
				CLANG_WARN__DUPLICATE_METHOD_MATCH = YES;
				COPY_PHASE_STRIP = NO;
				DEBUG_INFORMATION_FORMAT = dwarf;
				ENABLE_STRICT_OBJC_MSGSEND = YES;
				ENABLE_TESTABILITY = YES;
				GCC_C_LANGUAGE_STANDARD = gnu11;
				GCC_DYNAMIC_NO_PIC = NO;
				GCC_NO_COMMON_BLOCKS = YES;
				GCC_OPTIMIZATION_LEVEL = 0;
				GCC_PREPROCESSOR_DEFINITIONS = (
					"DEBUG=1",
					"$(inherited)",
				);
				GCC_WARN_64_TO_32_BIT_CONVERSION = YES;
				GCC_WARN_ABOUT_RETURN_TYPE = YES_ERROR;
				GCC_WARN_UNDECLARED_SELECTOR = YES;
				GCC_WARN_UNINITIALIZED_AUTOS = YES_AGGRESSIVE;
				GCC_WARN_UNUSED_FUNCTION = YES;
				GCC_WARN_UNUSED_VARIABLE = YES;
				IPHONEOS_DEPLOYMENT_TARGET = 15.5;
				MTL_ENABLE_DEBUG_INFO = INCLUDE_SOURCE;
				MTL_FAST_MATH = YES;
				ONLY_ACTIVE_ARCH = YES;
				SDKROOT = iphoneos;
				SWIFT_ACTIVE_COMPILATION_CONDITIONS = DEBUG;
				SWIFT_OPTIMIZATION_LEVEL = "-Onone";
			};
			name = Debug;
		};
		581483B228FEDE0F0023E2EC /* Release */ = {
			isa = XCBuildConfiguration;
			buildSettings = {
				ALWAYS_SEARCH_USER_PATHS = NO;
				CLANG_ANALYZER_NONNULL = YES;
				CLANG_ANALYZER_NUMBER_OBJECT_CONVERSION = YES_AGGRESSIVE;
				CLANG_CXX_LANGUAGE_STANDARD = "gnu++17";
				CLANG_ENABLE_MODULES = YES;
				CLANG_ENABLE_OBJC_ARC = YES;
				CLANG_ENABLE_OBJC_WEAK = YES;
				CLANG_WARN_BLOCK_CAPTURE_AUTORELEASING = YES;
				CLANG_WARN_BOOL_CONVERSION = YES;
				CLANG_WARN_COMMA = YES;
				CLANG_WARN_CONSTANT_CONVERSION = YES;
				CLANG_WARN_DEPRECATED_OBJC_IMPLEMENTATIONS = YES;
				CLANG_WARN_DIRECT_OBJC_ISA_USAGE = YES_ERROR;
				CLANG_WARN_DOCUMENTATION_COMMENTS = YES;
				CLANG_WARN_EMPTY_BODY = YES;
				CLANG_WARN_ENUM_CONVERSION = YES;
				CLANG_WARN_INFINITE_RECURSION = YES;
				CLANG_WARN_INT_CONVERSION = YES;
				CLANG_WARN_NON_LITERAL_NULL_CONVERSION = YES;
				CLANG_WARN_OBJC_IMPLICIT_RETAIN_SELF = YES;
				CLANG_WARN_OBJC_LITERAL_CONVERSION = YES;
				CLANG_WARN_OBJC_ROOT_CLASS = YES_ERROR;
				CLANG_WARN_QUOTED_INCLUDE_IN_FRAMEWORK_HEADER = YES;
				CLANG_WARN_RANGE_LOOP_ANALYSIS = YES;
				CLANG_WARN_STRICT_PROTOTYPES = YES;
				CLANG_WARN_SUSPICIOUS_MOVE = YES;
				CLANG_WARN_UNGUARDED_AVAILABILITY = YES_AGGRESSIVE;
				CLANG_WARN_UNREACHABLE_CODE = YES;
				CLANG_WARN__DUPLICATE_METHOD_MATCH = YES;
				COPY_PHASE_STRIP = NO;
				DEBUG_INFORMATION_FORMAT = "dwarf-with-dsym";
				ENABLE_NS_ASSERTIONS = NO;
				ENABLE_STRICT_OBJC_MSGSEND = YES;
				GCC_C_LANGUAGE_STANDARD = gnu11;
				GCC_NO_COMMON_BLOCKS = YES;
				GCC_WARN_64_TO_32_BIT_CONVERSION = YES;
				GCC_WARN_ABOUT_RETURN_TYPE = YES_ERROR;
				GCC_WARN_UNDECLARED_SELECTOR = YES;
				GCC_WARN_UNINITIALIZED_AUTOS = YES_AGGRESSIVE;
				GCC_WARN_UNUSED_FUNCTION = YES;
				GCC_WARN_UNUSED_VARIABLE = YES;
				IPHONEOS_DEPLOYMENT_TARGET = 15.5;
				MTL_ENABLE_DEBUG_INFO = NO;
				MTL_FAST_MATH = YES;
				SDKROOT = iphoneos;
				SWIFT_COMPILATION_MODE = wholemodule;
				SWIFT_OPTIMIZATION_LEVEL = "-O";
				VALIDATE_PRODUCT = YES;
			};
			name = Release;
		};
		581483B428FEDE0F0023E2EC /* Debug */ = {
			isa = XCBuildConfiguration;
			buildSettings = {
				ASSETCATALOG_COMPILER_APPICON_NAME = AppIcon;
				ASSETCATALOG_COMPILER_GLOBAL_ACCENT_COLOR_NAME = AccentColor;
				CODE_SIGN_STYLE = Automatic;
				CURRENT_PROJECT_VERSION = 1;
				GENERATE_INFOPLIST_FILE = YES;
				INFOPLIST_FILE = "Show Segue App/Info.plist";
				INFOPLIST_KEY_UIApplicationSupportsIndirectInputEvents = YES;
				INFOPLIST_KEY_UILaunchStoryboardName = LaunchScreen;
				INFOPLIST_KEY_UIMainStoryboardFile = Main;
				INFOPLIST_KEY_UISupportedInterfaceOrientations_iPad = "UIInterfaceOrientationPortrait UIInterfaceOrientationPortraitUpsideDown UIInterfaceOrientationLandscapeLeft UIInterfaceOrientationLandscapeRight";
				INFOPLIST_KEY_UISupportedInterfaceOrientations_iPhone = "UIInterfaceOrientationPortrait UIInterfaceOrientationLandscapeLeft UIInterfaceOrientationLandscapeRight";
				LD_RUNPATH_SEARCH_PATHS = (
					"$(inherited)",
					"@executable_path/Frameworks",
				);
				MARKETING_VERSION = 1.0;
				PRODUCT_BUNDLE_IDENTIFIER = "com.ertugrulberber.Show-Segue-App";
				PRODUCT_NAME = "$(TARGET_NAME)";
				SWIFT_EMIT_LOC_STRINGS = YES;
				SWIFT_VERSION = 5.0;
				TARGETED_DEVICE_FAMILY = "1,2";
			};
			name = Debug;
		};
		581483B528FEDE0F0023E2EC /* Release */ = {
			isa = XCBuildConfiguration;
			buildSettings = {
				ASSETCATALOG_COMPILER_APPICON_NAME = AppIcon;
				ASSETCATALOG_COMPILER_GLOBAL_ACCENT_COLOR_NAME = AccentColor;
				CODE_SIGN_STYLE = Automatic;
				CURRENT_PROJECT_VERSION = 1;
				GENERATE_INFOPLIST_FILE = YES;
				INFOPLIST_FILE = "Show Segue App/Info.plist";
				INFOPLIST_KEY_UIApplicationSupportsIndirectInputEvents = YES;
				INFOPLIST_KEY_UILaunchStoryboardName = LaunchScreen;
				INFOPLIST_KEY_UIMainStoryboardFile = Main;
				INFOPLIST_KEY_UISupportedInterfaceOrientations_iPad = "UIInterfaceOrientationPortrait UIInterfaceOrientationPortraitUpsideDown UIInterfaceOrientationLandscapeLeft UIInterfaceOrientationLandscapeRight";
				INFOPLIST_KEY_UISupportedInterfaceOrientations_iPhone = "UIInterfaceOrientationPortrait UIInterfaceOrientationLandscapeLeft UIInterfaceOrientationLandscapeRight";
				LD_RUNPATH_SEARCH_PATHS = (
					"$(inherited)",
					"@executable_path/Frameworks",
				);
				MARKETING_VERSION = 1.0;
				PRODUCT_BUNDLE_IDENTIFIER = "com.ertugrulberber.Show-Segue-App";
				PRODUCT_NAME = "$(TARGET_NAME)";
				SWIFT_EMIT_LOC_STRINGS = YES;
				SWIFT_VERSION = 5.0;
				TARGETED_DEVICE_FAMILY = "1,2";
			};
			name = Release;
		};
/* End XCBuildConfiguration section */

/* Begin XCConfigurationList section */
		5814839728FEDE070023E2EC /* Build configuration list for PBXProject "Show Segue App" */ = {
			isa = XCConfigurationList;
			buildConfigurations = (
				581483B128FEDE0F0023E2EC /* Debug */,
				581483B228FEDE0F0023E2EC /* Release */,
			);
			defaultConfigurationIsVisible = 0;
			defaultConfigurationName = Release;
		};
		581483B328FEDE0F0023E2EC /* Build configuration list for PBXNativeTarget "Show Segue App" */ = {
			isa = XCConfigurationList;
			buildConfigurations = (
				581483B428FEDE0F0023E2EC /* Debug */,
				581483B528FEDE0F0023E2EC /* Release */,
			);
			defaultConfigurationIsVisible = 0;
			defaultConfigurationName = Release;
		};
/* End XCConfigurationList section */

/* Begin XCVersionGroup section */
		581483A828FEDE070023E2EC /* Show_Segue_App.xcdatamodeld */ = {
			isa = XCVersionGroup;
			children = (
				581483A928FEDE070023E2EC /* Show_Segue_App.xcdatamodel */,
			);
			currentVersion = 581483A928FEDE070023E2EC /* Show_Segue_App.xcdatamodel */;
			path = Show_Segue_App.xcdatamodeld;
			sourceTree = "<group>";
			versionGroupType = wrapper.xcdatamodel;
		};
/* End XCVersionGroup section */
	};
	rootObject = 5814839428FEDE060023E2EC /* Project object */;
}
